#MicroXplorer Configuration settings - do not modify
ADC1.Channel-0\#ChannelRegularConversion=ADC_CHANNEL_10
ADC1.IPParameters=Rank-0\#ChannelRegularConversion,Channel-0\#ChannelRegularConversion,SamplingTime-0\#ChannelRegularConversion,NbrOfConversionFlag,master
ADC1.NbrOfConversionFlag=1
ADC1.Rank-0\#ChannelRegularConversion=1
ADC1.SamplingTime-0\#ChannelRegularConversion=ADC_SAMPLETIME_1CYCLE_5
ADC1.master=1
Dma.Request0=TIM1_CH1
Dma.RequestsNb=1
Dma.TIM1_CH1.0.Direction=DMA_MEMORY_TO_PERIPH
Dma.TIM1_CH1.0.Instance=DMA1_Channel2
Dma.TIM1_CH1.0.MemDataAlignment=DMA_MDATAALIGN_WORD
Dma.TIM1_CH1.0.MemInc=DMA_MINC_ENABLE
Dma.TIM1_CH1.0.Mode=DMA_NORMAL
Dma.TIM1_CH1.0.PeriphDataAlignment=DMA_PDATAALIGN_HALFWORD
Dma.TIM1_CH1.0.PeriphInc=DMA_PINC_DISABLE
Dma.TIM1_CH1.0.Priority=DMA_PRIORITY_LOW
Dma.TIM1_CH1.0.RequestParameters=Instance,Direction,PeriphInc,MemInc,PeriphDataAlignment,MemDataAlignment,Mode,Priority
FREERTOS.FootprintOK=true
FREERTOS.IPParameters=Tasks01,FootprintOK
FREERTOS.Tasks01=KeyTask,0,256,StartUSBTask,Default,NULL,Dynamic,NULL,NULL;debugTask02,-3,128,StartDebugTask02,Default,NULL,Dynamic,NULL,NULL;RGBTask,-3,128,StartRGBTask,Default,NULL,Dynamic,NULL,NULL
File.Version=6
GPIO.groupedBy=Group By Peripherals
KeepUserPlacement=false
Mcu.Family=STM32F1
Mcu.IP0=ADC1
Mcu.IP1=DMA
Mcu.IP10=USART1
Mcu.IP11=USB
Mcu.IP12=USB_DEVICE
Mcu.IP2=FREERTOS
Mcu.IP3=I2C1
Mcu.IP4=NVIC
Mcu.IP5=RCC
Mcu.IP6=SYS
Mcu.IP7=TIM1
Mcu.IP8=TIM2
Mcu.IP9=UART4
Mcu.IPNb=13
Mcu.Name=STM32F103V(C-D-E)Tx
Mcu.Package=LQFP100
Mcu.Pin0=PC14-OSC32_IN
Mcu.Pin1=PC15-OSC32_OUT
Mcu.Pin10=PB2
Mcu.Pin11=PE9
Mcu.Pin12=PE14
Mcu.Pin13=PE15
Mcu.Pin14=PB15
Mcu.Pin15=PD13
Mcu.Pin16=PD14
Mcu.Pin17=PD15
Mcu.Pin18=PC6
Mcu.Pin19=PA9
Mcu.Pin2=OSC_IN
Mcu.Pin20=PA10
Mcu.Pin21=PA11
Mcu.Pin22=PA12
Mcu.Pin23=PA13
Mcu.Pin24=PA14
Mcu.Pin25=PC10
Mcu.Pin26=PC11
Mcu.Pin27=PD0
Mcu.Pin28=PD1
Mcu.Pin29=PD2
Mcu.Pin3=OSC_OUT
Mcu.Pin30=PD3
Mcu.Pin31=PD6
Mcu.Pin32=PB3
Mcu.Pin33=PB6
Mcu.Pin34=PB7
Mcu.Pin35=VP_FREERTOS_VS_CMSIS_V1
Mcu.Pin36=VP_SYS_VS_tim6
Mcu.Pin37=VP_TIM1_VS_ClockSourceINT
Mcu.Pin38=VP_USB_DEVICE_VS_USB_DEVICE_HID_FS
Mcu.Pin4=PC0
Mcu.Pin5=PA0-WKUP
Mcu.Pin6=PA1
Mcu.Pin7=PA5
Mcu.Pin8=PA7
Mcu.Pin9=PB1
Mcu.PinsNb=39
Mcu.ThirdPartyNb=0
Mcu.UserConstants=
Mcu.UserName=STM32F103VETx
MxCube.Version=5.2.0
MxDb.Version=DB.5.0.20
NVIC.BusFault_IRQn=true\:0\:0\:false\:false\:true\:false\:false\:false
NVIC.DMA1_Channel2_IRQn=true\:5\:0\:false\:false\:true\:true\:false\:true
NVIC.DebugMonitor_IRQn=true\:0\:0\:false\:false\:true\:false\:false\:false
NVIC.EXTI0_IRQn=true\:5\:0\:false\:false\:true\:true\:true\:true
NVIC.EXTI15_10_IRQn=true\:5\:0\:false\:false\:true\:true\:true\:true
NVIC.EXTI1_IRQn=true\:5\:0\:false\:false\:true\:true\:true\:true
NVIC.EXTI2_IRQn=true\:5\:0\:false\:false\:true\:true\:true\:true
NVIC.EXTI3_IRQn=true\:5\:0\:false\:false\:true\:true\:true\:true
NVIC.ForceEnableDMAVector=true
NVIC.HardFault_IRQn=true\:0\:0\:false\:false\:true\:false\:false\:false
NVIC.MemoryManagement_IRQn=true\:0\:0\:false\:false\:true\:false\:false\:false
NVIC.NonMaskableInt_IRQn=true\:0\:0\:false\:false\:true\:false\:false\:false
NVIC.PendSV_IRQn=true\:15\:0\:false\:false\:false\:true\:false\:false
NVIC.PriorityGroup=NVIC_PRIORITYGROUP_4
NVIC.SVCall_IRQn=true\:0\:0\:false\:false\:false\:false\:false\:false
NVIC.SavedPendsvIrqHandlerGenerated=true
NVIC.SavedSvcallIrqHandlerGenerated=true
NVIC.SavedSystickIrqHandlerGenerated=true
NVIC.SysTick_IRQn=true\:15\:0\:false\:false\:false\:true\:false\:true
NVIC.TIM2_IRQn=true\:5\:0\:false\:false\:true\:true\:true\:true
NVIC.TIM6_IRQn=true\:0\:0\:false\:false\:true\:false\:false\:true
NVIC.TimeBase=TIM6_IRQn
NVIC.TimeBaseIP=TIM6
NVIC.USB_LP_CAN1_RX0_IRQn=true\:5\:0\:false\:false\:true\:true\:false\:true
NVIC.UsageFault_IRQn=true\:0\:0\:false\:false\:true\:false\:false\:false
OSC_IN.Mode=HSE-External-Oscillator
OSC_IN.Signal=RCC_OSC_IN
OSC_OUT.Mode=HSE-External-Oscillator
OSC_OUT.Signal=RCC_OSC_OUT
PA0-WKUP.GPIOParameters=GPIO_PuPd,GPIO_Label
PA0-WKUP.GPIO_Label=VOL_CH1
PA0-WKUP.GPIO_PuPd=GPIO_PULLUP
PA0-WKUP.Signal=S_TIM2_CH1_ETR
PA1.GPIOParameters=GPIO_PuPd,GPIO_Label
PA1.GPIO_Label=VOL_CH2
PA1.GPIO_PuPd=GPIO_PULLUP
PA1.Signal=S_TIM2_CH2
PA10.GPIOParameters=GPIO_Label
PA10.GPIO_Label=FINGER_RXD
PA10.Mode=Asynchronous
PA10.Signal=USART1_RX
PA11.Mode=Device
PA11.Signal=USB_DM
PA12.Mode=Device
PA12.Signal=USB_DP
PA13.Mode=Serial_Wire
PA13.Signal=SYS_JTMS-SWDIO
PA14.Mode=Serial_Wire
PA14.Signal=SYS_JTCK-SWCLK
PA5.GPIOParameters=GPIO_PuPd
PA5.GPIO_PuPd=GPIO_PULLDOWN
PA5.Locked=true
PA5.Signal=GPIO_Input
PA7.GPIOParameters=GPIO_PuPd
PA7.GPIO_PuPd=GPIO_PULLDOWN
PA7.Locked=true
PA7.Signal=GPIO_Input
PA9.GPIOParameters=GPIO_Label
PA9.GPIO_Label=FINGER_TXD
PA9.Mode=Asynchronous
PA9.Signal=USART1_TX
PB1.GPIOParameters=GPIO_Label
PB1.GPIO_Label=LED1
PB1.Locked=true
PB1.Signal=GPIO_Output
PB15.GPIOParameters=GPIO_PuPd,GPIO_Label
PB15.GPIO_Label=FINGERPRINT_INT
PB15.GPIO_PuPd=GPIO_PULLDOWN
PB15.Locked=true
PB15.Signal=GPXTI15
PB2.GPIOParameters=GPIO_Label
PB2.GPIO_Label=LED2
PB2.Locked=true
PB2.Signal=GPIO_Output
PB3.GPIOParameters=GPIO_Label
PB3.GPIO_Label=LED3
PB3.Locked=true
PB3.Signal=GPIO_Output
PB6.GPIOParameters=GPIO_Label
PB6.GPIO_Label=OLED_SCL
PB6.Mode=I2C
PB6.Signal=I2C1_SCL
PB7.GPIOParameters=GPIO_Label
PB7.GPIO_Label=OLED_SDA
PB7.Mode=I2C
PB7.Signal=I2C1_SDA
PC0.GPIOParameters=GPIO_Label
PC0.GPIO_Label=BAT_ADC
PC0.Locked=true
PC0.Signal=ADCx_IN10
PC10.GPIOParameters=GPIO_Label
PC10.GPIO_Label=BT_TXD
PC10.Mode=Asynchronous
PC10.Signal=UART4_TX
PC11.GPIOParameters=GPIO_Label
PC11.GPIO_Label=BT_RXD
PC11.Mode=Asynchronous
PC11.Signal=UART4_RX
PC14-OSC32_IN.Mode=LSE-External-Oscillator
PC14-OSC32_IN.Signal=RCC_OSC32_IN
PC15-OSC32_OUT.Mode=LSE-External-Oscillator
PC15-OSC32_OUT.Signal=RCC_OSC32_OUT
PC6.GPIOParameters=GPIO_Label
PC6.GPIO_Label=COL0
PC6.Locked=true
PC6.Signal=GPIO_Output
PD0.GPIOParameters=GPIO_PuPd,GPIO_Label
PD0.GPIO_Label=ROW0
PD0.GPIO_PuPd=GPIO_PULLDOWN
PD0.Locked=true
PD0.Signal=GPXTI0
PD1.GPIOParameters=GPIO_PuPd,GPIO_Label
PD1.GPIO_Label=ROW1
PD1.GPIO_PuPd=GPIO_PULLDOWN
PD1.Locked=true
PD1.Signal=GPXTI1
PD13.GPIOParameters=GPIO_Label
PD13.GPIO_Label=COL3
PD13.Locked=true
PD13.Signal=GPIO_Output
PD14.GPIOParameters=GPIO_Label
PD14.GPIO_Label=COL2
PD14.Locked=true
PD14.Signal=GPIO_Output
PD15.GPIOParameters=GPIO_Label
PD15.GPIO_Label=COL1
PD15.Locked=true
PD15.Signal=GPIO_Output
PD2.GPIOParameters=GPIO_PuPd,GPIO_Label
PD2.GPIO_Label=ROW2
PD2.GPIO_PuPd=GPIO_PULLDOWN
PD2.Locked=true
PD2.Signal=GPXTI2
PD3.GPIOParameters=GPIO_PuPd,GPIO_Label
PD3.GPIO_Label=ROW3
PD3.GPIO_PuPd=GPIO_PULLDOWN
PD3.Locked=true
PD3.Signal=GPXTI3
PD6.GPIOParameters=GPIO_Label
PD6.GPIO_Label=USB_EN
PD6.Locked=true
PD6.Signal=GPIO_Output
PE14.GPIOParameters=GPIO_PuPd,GPIO_Label
PE14.GPIO_Label=BTN1
PE14.GPIO_PuPd=GPIO_PULLDOWN
PE14.Locked=true
PE14.Signal=GPIO_Input
PE15.GPIOParameters=GPIO_PuPd,GPIO_Label
PE15.GPIO_Label=BTN2
PE15.GPIO_PuPd=GPIO_PULLDOWN
PE15.Locked=true
PE15.Signal=GPIO_Input
PE9.GPIOParameters=GPIO_Label
PE9.GPIO_Label=RGB
PE9.Signal=S_TIM1_CH1
PinOutPanel.RotationAngle=0
ProjectManager.AskForMigrate=true
ProjectManager.BackupPrevious=false
ProjectManager.CompilerOptimize=6
ProjectManager.ComputerToolchain=false
ProjectManager.CoupleFile=false
ProjectManager.CustomerFirmwarePackage=
ProjectManager.DefaultFWLocation=true
ProjectManager.DeletePrevious=true
ProjectManager.DeviceId=STM32F103VETx
ProjectManager.FirmwarePackage=STM32Cube FW_F1 V1.7.0
ProjectManager.FreePins=false
ProjectManager.HalAssertFull=false
ProjectManager.HeapSize=0x200
ProjectManager.KeepUserCode=true
ProjectManager.LastFirmware=true
ProjectManager.LibraryCopy=1
ProjectManager.MainLocation=Core/Src
ProjectManager.NoMain=false
ProjectManager.PreviousToolchain=STM32CubeIDE
ProjectManager.ProjectBuild=false
ProjectManager.ProjectFileName=Elec3300Keyboard.ioc
ProjectManager.ProjectName=Elec3300Keyboard
ProjectManager.RegisterCallBack=
ProjectManager.StackSize=0x400
ProjectManager.TargetToolchain=Makefile
ProjectManager.ToolChainLocation=
ProjectManager.UnderRoot=false
ProjectManager.functionlistsort=1-MX_GPIO_Init-GPIO-false-HAL-true,2-SystemClock_Config-RCC-false-HAL-false,3-MX_USB_DEVICE_Init-USB_DEVICE-false-HAL-false,4-MX_ADC1_Init-ADC1-false-HAL-true,5-MX_TIM1_Init-TIM1-false-HAL-true,6-MX_I2C1_Init-I2C1-false-HAL-true,7-MX_DMA_Init-DMA-false-HAL-true,8-MX_UART4_Init-UART4-false-HAL-true,9-MX_TIM2_Init-TIM2-false-HAL-true,10-MX_USART1_UART_Init-USART1-false-HAL-true
RCC.ADCFreqValue=12000000
RCC.ADCPresc=RCC_ADCPCLK2_DIV6
RCC.AHBFreq_Value=72000000
RCC.APB1CLKDivider=RCC_HCLK_DIV2
RCC.APB1Freq_Value=36000000
RCC.APB1TimFreq_Value=72000000
RCC.APB2Freq_Value=72000000
RCC.APB2TimFreq_Value=72000000
RCC.FCLKCortexFreq_Value=72000000
RCC.FSMCFreq_Value=72000000
RCC.FamilyName=M
RCC.HCLKFreq_Value=72000000
RCC.I2S2Freq_Value=72000000
RCC.I2S3Freq_Value=72000000
RCC.IPParameters=ADCFreqValue,ADCPresc,AHBFreq_Value,APB1CLKDivider,APB1Freq_Value,APB1TimFreq_Value,APB2Freq_Value,APB2TimFreq_Value,FCLKCortexFreq_Value,FSMCFreq_Value,FamilyName,HCLKFreq_Value,I2S2Freq_Value,I2S3Freq_Value,MCOFreq_Value,PLLCLKFreq_Value,PLLMCOFreq_Value,PLLMUL,SDIOFreq_Value,SDIOHCLKDiv2FreqValue,SYSCLKFreq_VALUE,SYSCLKSource,TimSysFreq_Value,USBFreq_Value,USBPrescaler,VCOOutput2Freq_Value
RCC.MCOFreq_Value=72000000
RCC.PLLCLKFreq_Value=72000000
RCC.PLLMCOFreq_Value=36000000
RCC.PLLMUL=RCC_PLL_MUL9
RCC.SDIOFreq_Value=72000000
RCC.SDIOHCLKDiv2FreqValue=36000000
RCC.SYSCLKFreq_VALUE=72000000
RCC.SYSCLKSource=RCC_SYSCLKSOURCE_PLLCLK
RCC.TimSysFreq_Value=72000000
RCC.USBFreq_Value=48000000
RCC.USBPrescaler=RCC_USBCLKSOURCE_PLL_DIV1_5
RCC.VCOOutput2Freq_Value=8000000
SH.ADCx_IN10.0=ADC1_IN10,IN10
SH.ADCx_IN10.ConfNb=1
SH.GPXTI0.0=GPIO_EXTI0
SH.GPXTI0.ConfNb=1
SH.GPXTI1.0=GPIO_EXTI1
SH.GPXTI1.ConfNb=1
SH.GPXTI15.0=GPIO_EXTI15
SH.GPXTI15.ConfNb=1
SH.GPXTI2.0=GPIO_EXTI2
SH.GPXTI2.ConfNb=1
SH.GPXTI3.0=GPIO_EXTI3
SH.GPXTI3.ConfNb=1
SH.S_TIM1_CH1.0=TIM1_CH1,PWM Generation1 CH1
SH.S_TIM1_CH1.ConfNb=1
SH.S_TIM2_CH1_ETR.0=TIM2_CH1,Encoder_Interface
SH.S_TIM2_CH1_ETR.ConfNb=1
SH.S_TIM2_CH2.0=TIM2_CH2,Encoder_Interface
SH.S_TIM2_CH2.ConfNb=1
TIM1.Channel-PWM\ Generation1\ CH1=TIM_CHANNEL_1
TIM1.Channel-PWM\ Generation2\ CH2=TIM_CHANNEL_2
TIM1.IPParameters=Channel-PWM Generation1 CH1,Prescaler,Period,Pulse-PWM Generation1 CH1,Channel-PWM Generation2 CH2
TIM1.Period=50-1
TIM1.Prescaler=2-1
TIM1.Pulse-PWM\ Generation1\ CH1=0
TIM2.AutoReloadPreload=TIM_AUTORELOAD_PRELOAD_DISABLE
TIM2.EncoderMode=TIM_ENCODERMODE_TI12
TIM2.IC1Polarity=TIM_ICPOLARITY_FALLING
TIM2.IC2Polarity=TIM_ICPOLARITY_FALLING
TIM2.IPParameters=AutoReloadPreload,Period,EncoderMode,IC1Polarity,IC2Polarity
TIM2.Period=65535
UART4.IPParameters=VirtualMode
UART4.VirtualMode=Asynchronous
USART1.BaudRate=57600
USART1.IPParameters=VirtualMode,BaudRate
USART1.VirtualMode=VM_ASYNC
USB_DEVICE.CLASS_NAME_FS=HID
USB_DEVICE.IPParameters=VirtualMode,VirtualModeFS,CLASS_NAME_FS,PRODUCT_STRING_HID_FS
USB_DEVICE.PRODUCT_STRING_HID_FS=STM32keyboard
USB_DEVICE.VirtualMode=Hid
USB_DEVICE.VirtualModeFS=Hid_FS
VP_FREERTOS_VS_CMSIS_V1.Mode=CMSIS_V1
VP_FREERTOS_VS_CMSIS_V1.Signal=FREERTOS_VS_CMSIS_V1
VP_SYS_VS_tim6.Mode=TIM6
VP_SYS_VS_tim6.Signal=SYS_VS_tim6
VP_TIM1_VS_ClockSourceINT.Mode=Internal
VP_TIM1_VS_ClockSourceINT.Signal=TIM1_VS_ClockSourceINT
VP_USB_DEVICE_VS_USB_DEVICE_HID_FS.Mode=HID_FS
VP_USB_DEVICE_VS_USB_DEVICE_HID_FS.Signal=USB_DEVICE_VS_USB_DEVICE_HID_FS
board=custom
